
Microsoft Visual Studio Solution File, Format Version 12.00
# Visual Studio Version 17
VisualStudioVersion = 17.4.33205.214
MinimumVisualStudioVersion = 10.0.40219.1
Project("{FAE04EC0-301F-11D3-BF4B-00C04F79EFBC}") = "MyAdminDashBoardProject6", "MyAdminDashBoardProject6\MyAdminDashBoardProject6.csproj", "{EAEF3C38-EAC0-4901-AC37-00DC5347CEDF}"
EndProject
Global
	GlobalSection(SolutionConfigurationPlatforms) = preSolution
		Debug|Any CPU = Debug|Any CPU
		Release|Any CPU = Release|Any CPU
	EndGlobalSection
	GlobalSection(ProjectConfigurationPlatforms) = postSolution
		{EAEF3C38-EAC0-4901-AC37-00DC5347CEDF}.Debug|Any CPU.ActiveCfg = Debug|Any CPU
		{EAEF3C38-EAC0-4901-AC37-00DC5347CEDF}.Debug|Any CPU.Build.0 = Debug|Any CPU
		{EAEF3C38-EAC0-4901-AC37-00DC5347CEDF}.Release|Any CPU.ActiveCfg = Release|Any CPU
		{EAEF3C38-EAC0-4901-AC37-00DC5347CEDF}.Release|Any CPU.Build.0 = Release|Any CPU
	EndGlobalSection
	GlobalSection(SolutionProperties) = preSolution
		HideSolutionNode = FALSE
	EndGlobalSection
	GlobalSection(ExtensibilityGlobals) = postSolution
		SolutionGuid = {20AAF404-63C6-40BD-B9EE-460809677BB4}
	EndGlobalSection
EndGlobal
